
Microsoft Visual Studio Solution File, Format Version 12.00
# Visual Studio Version 17
VisualStudioVersion = 17.1.32328.378
MinimumVisualStudioVersion = 10.0.40219.1
Project("{FAE04EC0-301F-11D3-BF4B-00C04F79EFBC}") = "FormaStudent", "FormaStudent\FormaStudent.csproj", "{29951456-9E63-4EB4-B2FB-A5863AE614C8}"
EndProject
Project("{2150E333-8FDC-42A3-9474-1A3956D46DE8}") = "Solution Items", "Solution Items", "{C71AD7FE-C56F-45B7-B730-86E780BB430B}"
	ProjectSection(SolutionItems) = preProject
		Class1.cs = Class1.cs
	EndProjectSection
EndProject
Global
	GlobalSection(SolutionConfigurationPlatforms) = preSolution
		Debug|Any CPU = Debug|Any CPU
		Release|Any CPU = Release|Any CPU
	EndGlobalSection
	GlobalSection(ProjectConfigurationPlatforms) = postSolution
		{29951456-9E63-4EB4-B2FB-A5863AE614C8}.Debug|Any CPU.ActiveCfg = Debug|Any CPU
		{29951456-9E63-4EB4-B2FB-A5863AE614C8}.Debug|Any CPU.Build.0 = Debug|Any CPU
		{29951456-9E63-4EB4-B2FB-A5863AE614C8}.Release|Any CPU.ActiveCfg = Release|Any CPU
		{29951456-9E63-4EB4-B2FB-A5863AE614C8}.Release|Any CPU.Build.0 = Release|Any CPU
	EndGlobalSection
	GlobalSection(SolutionProperties) = preSolution
		HideSolutionNode = FALSE
	EndGlobalSection
	GlobalSection(ExtensibilityGlobals) = postSolution
		SolutionGuid = {39AB2904-C79B-40B1-B6F1-BD93C9749B32}
	EndGlobalSection
EndGlobal
